%{"connection": {:hex, :connection, "1.0.4", "a1cae72211f0eef17705aaededacac3eb30e6625b04a6117c1b2db6ace7d5976", [:mix], [], "hexpm"},
  "cowboy": {:hex, :cowboy, "1.1.2", "61ac29ea970389a88eca5a65601460162d370a70018afe6f949a29dca91f3bb0", [:rebar3], [{:cowlib, "~> 1.0.2", [hex: :cowlib, repo: "hexpm", optional: false]}, {:ranch, "~> 1.3.2", [hex: :ranch, repo: "hexpm", optional: false]}], "hexpm"},
  "cowlib": {:hex, :cowlib, "1.0.2", "9d769a1d062c9c3ac753096f868ca121e2730b9a377de23dec0f7e08b1df84ee", [:make], [], "hexpm"},
  "db_connection": {:hex, :db_connection, "1.1.2", "2865c2a4bae0714e2213a0ce60a1b12d76a6efba0c51fbda59c9ab8d1accc7a8", [:mix], [{:connection, "~> 1.0.2", [hex: :connection, repo: "hexpm", optional: false]}, {:poolboy, "~> 1.5", [hex: :poolboy, repo: "hexpm", optional: true]}, {:sbroker, "~> 1.0", [hex: :sbroker, repo: "hexpm", optional: true]}], "hexpm"},
  "decimal": {:hex, :decimal, "1.3.1", "157b3cedb2bfcb5359372a7766dd7a41091ad34578296e951f58a946fcab49c6", [:mix], [], "hexpm"},
  "ecto": {:hex, :ecto, "2.1.4", "d1ba932813ec0e0d9db481ef2c17777f1cefb11fc90fa7c142ff354972dfba7e", [:mix], [{:db_connection, "~> 1.1", [hex: :db_connection, repo: "hexpm", optional: true]}, {:decimal, "~> 1.2", [hex: :decimal, repo: "hexpm", optional: false]}, {:mariaex, "~> 0.8.0", [hex: :mariaex, repo: "hexpm", optional: true]}, {:poison, "~> 2.2 or ~> 3.0", [hex: :poison, repo: "hexpm", optional: true]}, {:poolboy, "~> 1.5", [hex: :poolboy, repo: "hexpm", optional: false]}, {:postgrex, "~> 0.13.0", [hex: :postgrex, repo: "hexpm", optional: true]}, {:sbroker, "~> 1.0", [hex: :sbroker, repo: "hexpm", optional: true]}], "hexpm"},
  "ecto_talon": {:git, "https://github.com/talonframework/ecto_talon.git", "a56dae3dce4e816078947c3fc5c263c08fc13746", []},
  "fs": {:hex, :fs, "2.12.0", "ad631efacc9a5683c8eaa1b274e24fa64a1b8eb30747e9595b93bec7e492e25e", [:rebar3], [], "hexpm"},
  "inflex": {:hex, :inflex, "1.8.1", "9fa9684ff1a872eab7415c0be500cc1b7782f28da6ed75423081e75f92831b1c", [:mix], [], "hexpm"},
  "mime": {:hex, :mime, "1.1.0", "01c1d6f4083d8aa5c7b8c246ade95139620ef8effb009edde934e0ec3b28090a", [:mix], [], "hexpm"},
  "mix_test_watch": {:hex, :mix_test_watch, "0.4.0", "7e44b681b0238999d4c39b5beed77b4ac45aef1c112a763aae414bdb5bc34523", [:mix], [{:fs, "~> 2.12", [hex: :fs, repo: "hexpm", optional: false]}], "hexpm"},
  "phoenix": {:hex, :phoenix, "1.3.0-rc.2", "53104ada25ba85fe160268c0dc826fe038bc074293730b4522fb9aca28d8aa13", [:mix], [{:cowboy, "~> 1.0", [hex: :cowboy, repo: "hexpm", optional: true]}, {:phoenix_pubsub, "~> 1.0", [hex: :phoenix_pubsub, repo: "hexpm", optional: false]}, {:plug, "~> 1.3.2 or ~> 1.4", [hex: :plug, repo: "hexpm", optional: false]}, {:poison, "~> 2.2 or ~> 3.0", [hex: :poison, repo: "hexpm", optional: false]}], "hexpm"},
  "phoenix_ecto": {:hex, :phoenix_ecto, "3.2.3", "450c749876ff1de4a78fdb305a142a76817c77a1cd79aeca29e5fc9a6c630b26", [:mix], [{:ecto, "~> 2.1", [hex: :ecto, repo: "hexpm", optional: false]}, {:phoenix_html, "~> 2.9", [hex: :phoenix_html, repo: "hexpm", optional: true]}, {:plug, "~> 1.0", [hex: :plug, repo: "hexpm", optional: false]}], "hexpm"},
  "phoenix_html": {:hex, :phoenix_html, "2.9.3", "1b5a2122cbf743aa242f54dced8a4f1cc778b8bd304f4b4c0043a6250c58e258", [:mix], [{:plug, "~> 1.0", [hex: :plug, repo: "hexpm", optional: false]}], "hexpm"},
  "phoenix_pubsub": {:hex, :phoenix_pubsub, "1.0.1", "c10ddf6237007c804bf2b8f3c4d5b99009b42eca3a0dfac04ea2d8001186056a", [:mix], [], "hexpm"},
  "phoenix_slime": {:git, "https://github.com/slime-lang/phoenix_slime.git", "da5b9dc54e765584a8235fdb08c5f4a13f6e9817", []},
  "plug": {:hex, :plug, "1.3.5", "7503bfcd7091df2a9761ef8cecea666d1f2cc454cbbaf0afa0b6e259203b7031", [:mix], [{:cowboy, "~> 1.0.1 or ~> 1.1", [hex: :cowboy, repo: "hexpm", optional: true]}, {:mime, "~> 1.0", [hex: :mime, repo: "hexpm", optional: false]}], "hexpm"},
  "poison": {:hex, :poison, "3.1.0", "d9eb636610e096f86f25d9a46f35a9facac35609a7591b3be3326e99a0484665", [:mix], [], "hexpm"},
  "poolboy": {:hex, :poolboy, "1.5.1", "6b46163901cfd0a1b43d692657ed9d7e599853b3b21b95ae5ae0a777cf9b6ca8", [:rebar], [], "hexpm"},
  "postgrex": {:hex, :postgrex, "0.13.2", "2b88168fc6a5456a27bfb54ccf0ba4025d274841a7a3af5e5deb1b755d95154e", [:mix], [{:connection, "~> 1.0", [hex: :connection, repo: "hexpm", optional: false]}, {:db_connection, "~> 1.1", [hex: :db_connection, repo: "hexpm", optional: false]}, {:decimal, "~> 1.0", [hex: :decimal, repo: "hexpm", optional: false]}], "hexpm"},
  "ranch": {:hex, :ranch, "1.3.2", "e4965a144dc9fbe70e5c077c65e73c57165416a901bd02ea899cfd95aa890986", [:rebar3], [], "hexpm"},
  "scrivener": {:hex, :scrivener, "2.3.0", "16b1d744202d47233798205447b35592d96a209241c566304f84ddef63c718b2", [:mix], [], "hexpm"},
  "scrivener_ecto": {:hex, :scrivener_ecto, "1.2.1", "dfa1a1584fed47f2280c0e066531edefe23c14bc66183309dfb1f3ed44629e5c", [:mix], [{:ecto, "~> 2.0", [hex: :ecto, repo: "hexpm", optional: false]}, {:postgrex, "~> 0.11.0 or ~> 0.12.0 or ~> 0.13.0", [hex: :postgrex, repo: "hexpm", optional: true]}, {:scrivener, "~> 2.3", [hex: :scrivener, repo: "hexpm", optional: false]}], "hexpm"},
  "slime": {:hex, :slime, "0.16.0", "4f9c677ca37b2817cd10422ecb42c524fe904d3630acf242b81dfe189900272a", [:mix], [], "hexpm"}}
